
Microsoft Visual Studio Solution File, Format Version 12.00
# Visual Studio Version 16
VisualStudioVersion = 16.0.30611.23
MinimumVisualStudioVersion = 10.0.40219.1
Project("{FAE04EC0-301F-11D3-BF4B-00C04F79EFBC}") = "Reader", "Reader\Reader.csproj", "{B7A493F3-F412-4C04-953D-8414D6F8DB85}"
EndProject
Global
	GlobalSection(SolutionConfigurationPlatforms) = preSolution
		Debug|Any CPU = Debug|Any CPU
		Release|Any CPU = Release|Any CPU
	EndGlobalSection
	GlobalSection(ProjectConfigurationPlatforms) = postSolution
		{B7A493F3-F412-4C04-953D-8414D6F8DB85}.Debug|Any CPU.ActiveCfg = Debug|Any CPU
		{B7A493F3-F412-4C04-953D-8414D6F8DB85}.Debug|Any CPU.Build.0 = Debug|Any CPU
		{B7A493F3-F412-4C04-953D-8414D6F8DB85}.Release|Any CPU.ActiveCfg = Release|Any CPU
		{B7A493F3-F412-4C04-953D-8414D6F8DB85}.Release|Any CPU.Build.0 = Release|Any CPU
	EndGlobalSection
	GlobalSection(SolutionProperties) = preSolution
		HideSolutionNode = FALSE
	EndGlobalSection
	GlobalSection(ExtensibilityGlobals) = postSolution
		SolutionGuid = {3A5CBEE4-9BDE-4CEA-AAD4-CF105B968772}
	EndGlobalSection
EndGlobal
